// !$*UTF8*$!
{
	archiveVersion = 1;
	classes = {
	};
	objectVersion = 50;
	objects = {

/* Begin PBXBuildFile section */
		8749C6B925659FB600A4278F /* SearchResultCell.swift in Sources */ = {isa = PBXBuildFile; fileRef = 8749C6B825659FB600A4278F /* SearchResultCell.swift */; };
		876FD223256581C60017DE08 /* AppDelegate.swift in Sources */ = {isa = PBXBuildFile; fileRef = 876FD222256581C60017DE08 /* AppDelegate.swift */; };
		876FD225256581C60017DE08 /* SceneDelegate.swift in Sources */ = {isa = PBXBuildFile; fileRef = 876FD224256581C60017DE08 /* SceneDelegate.swift */; };
		876FD22A256581C60017DE08 /* Main.storyboard in Resources */ = {isa = PBXBuildFile; fileRef = 876FD228256581C60017DE08 /* Main.storyboard */; };
		876FD22C256581C70017DE08 /* Assets.xcassets in Resources */ = {isa = PBXBuildFile; fileRef = 876FD22B256581C70017DE08 /* Assets.xcassets */; };
		876FD22F256581C70017DE08 /* LaunchScreen.storyboard in Resources */ = {isa = PBXBuildFile; fileRef = 876FD22D256581C70017DE08 /* LaunchScreen.storyboard */; };
		876FD23A256581C70017DE08 /* FidelityHealthcareAppTests.swift in Sources */ = {isa = PBXBuildFile; fileRef = 876FD239256581C70017DE08 /* FidelityHealthcareAppTests.swift */; };
		876FD245256581C70017DE08 /* FidelityHealthcareAppUITests.swift in Sources */ = {isa = PBXBuildFile; fileRef = 876FD244256581C70017DE08 /* FidelityHealthcareAppUITests.swift */; };
		876FD25B2565820A0017DE08 /* ImageDownloadOperation.swift in Sources */ = {isa = PBXBuildFile; fileRef = 876FD2562565820A0017DE08 /* ImageDownloadOperation.swift */; };
		876FD25C2565820A0017DE08 /* NetworkManager.swift in Sources */ = {isa = PBXBuildFile; fileRef = 876FD2572565820A0017DE08 /* NetworkManager.swift */; };
		876FD25D2565820A0017DE08 /* Reachability.swift in Sources */ = {isa = PBXBuildFile; fileRef = 876FD2582565820A0017DE08 /* Reachability.swift */; };
		876FD25E2565820A0017DE08 /* Request.swift in Sources */ = {isa = PBXBuildFile; fileRef = 876FD2592565820A0017DE08 /* Request.swift */; };
		876FD25F2565820A0017DE08 /* ImageDownloadManager.swift in Sources */ = {isa = PBXBuildFile; fileRef = 876FD25A2565820A0017DE08 /* ImageDownloadManager.swift */; };
		876FD2672565822E0017DE08 /* Extension.swift in Sources */ = {isa = PBXBuildFile; fileRef = 876FD2642565822E0017DE08 /* Extension.swift */; };
		876FD2682565822E0017DE08 /* GCD.swift in Sources */ = {isa = PBXBuildFile; fileRef = 876FD2652565822E0017DE08 /* GCD.swift */; };
		876FD2692565822E0017DE08 /* Result.swift in Sources */ = {isa = PBXBuildFile; fileRef = 876FD2662565822E0017DE08 /* Result.swift */; };
		876FD26F256582550017DE08 /* DataCache.swift in Sources */ = {isa = PBXBuildFile; fileRef = 876FD26E256582550017DE08 /* DataCache.swift */; };
		876FD275256585940017DE08 /* RequestConfig.swift in Sources */ = {isa = PBXBuildFile; fileRef = 876FD274256585940017DE08 /* RequestConfig.swift */; };
		876FD27C256585A90017DE08 /* FidelityHealthcareViewModel.swift in Sources */ = {isa = PBXBuildFile; fileRef = 876FD27A256585A90017DE08 /* FidelityHealthcareViewModel.swift */; };
		876FD27D256585A90017DE08 /* ImageModel.swift in Sources */ = {isa = PBXBuildFile; fileRef = 876FD27B256585A90017DE08 /* ImageModel.swift */; };
		876FD283256585BF0017DE08 /* Constants.swift in Sources */ = {isa = PBXBuildFile; fileRef = 876FD282256585BF0017DE08 /* Constants.swift */; };
		876FD28C256585D10017DE08 /* SearchResults.swift in Sources */ = {isa = PBXBuildFile; fileRef = 876FD289256585D10017DE08 /* SearchResults.swift */; };
		876FD28D256585D10017DE08 /* Results.swift in Sources */ = {isa = PBXBuildFile; fileRef = 876FD28A256585D10017DE08 /* Results.swift */; };
		876FD29C2565860B0017DE08 /* FidelityHealthcareVC.swift in Sources */ = {isa = PBXBuildFile; fileRef = 876FD29B2565860B0017DE08 /* FidelityHealthcareVC.swift */; };
		876FD2A5256586660017DE08 /* SearchService.swift in Sources */ = {isa = PBXBuildFile; fileRef = 876FD2A4256586660017DE08 /* SearchService.swift */; };
		87E183062568BBFD00E8ACA7 /* SearchBusinessCellViewModel.swift in Sources */ = {isa = PBXBuildFile; fileRef = 87E183052568BBFD00E8ACA7 /* SearchBusinessCellViewModel.swift */; };
/* End PBXBuildFile section */

/* Begin PBXContainerItemProxy section */
		876FD236256581C70017DE08 /* PBXContainerItemProxy */ = {
			isa = PBXContainerItemProxy;
			containerPortal = 876FD217256581C60017DE08 /* Project object */;
			proxyType = 1;
			remoteGlobalIDString = 876FD21E256581C60017DE08;
			remoteInfo = FidelityHealthcareApp;
		};
		876FD241256581C70017DE08 /* PBXContainerItemProxy */ = {
			isa = PBXContainerItemProxy;
			containerPortal = 876FD217256581C60017DE08 /* Project object */;
			proxyType = 1;
			remoteGlobalIDString = 876FD21E256581C60017DE08;
			remoteInfo = FidelityHealthcareApp;
		};
/* End PBXContainerItemProxy section */

/* Begin PBXFileReference section */
		8749C6B825659FB600A4278F /* SearchResultCell.swift */ = {isa = PBXFileReference; fileEncoding = 4; lastKnownFileType = sourcecode.swift; path = SearchResultCell.swift; sourceTree = "<group>"; };
		876FD21F256581C60017DE08 /* FidelityHealthcareApp.app */ = {isa = PBXFileReference; explicitFileType = wrapper.application; includeInIndex = 0; path = FidelityHealthcareApp.app; sourceTree = BUILT_PRODUCTS_DIR; };
		876FD222256581C60017DE08 /* AppDelegate.swift */ = {isa = PBXFileReference; lastKnownFileType = sourcecode.swift; path = AppDelegate.swift; sourceTree = "<group>"; };
		876FD224256581C60017DE08 /* SceneDelegate.swift */ = {isa = PBXFileReference; lastKnownFileType = sourcecode.swift; path = SceneDelegate.swift; sourceTree = "<group>"; };
		876FD229256581C60017DE08 /* Base */ = {isa = PBXFileReference; lastKnownFileType = file.storyboard; name = Base; path = Base.lproj/Main.storyboard; sourceTree = "<group>"; };
		876FD22B256581C70017DE08 /* Assets.xcassets */ = {isa = PBXFileReference; lastKnownFileType = folder.assetcatalog; path = Assets.xcassets; sourceTree = "<group>"; };
		876FD22E256581C70017DE08 /* Base */ = {isa = PBXFileReference; lastKnownFileType = file.storyboard; name = Base; path = Base.lproj/LaunchScreen.storyboard; sourceTree = "<group>"; };
		876FD230256581C70017DE08 /* Info.plist */ = {isa = PBXFileReference; lastKnownFileType = text.plist.xml; path = Info.plist; sourceTree = "<group>"; };
		876FD235256581C70017DE08 /* FidelityHealthcareAppTests.xctest */ = {isa = PBXFileReference; explicitFileType = wrapper.cfbundle; includeInIndex = 0; path = FidelityHealthcareAppTests.xctest; sourceTree = BUILT_PRODUCTS_DIR; };
		876FD239256581C70017DE08 /* FidelityHealthcareAppTests.swift */ = {isa = PBXFileReference; lastKnownFileType = sourcecode.swift; path = FidelityHealthcareAppTests.swift; sourceTree = "<group>"; };
		876FD23B256581C70017DE08 /* Info.plist */ = {isa = PBXFileReference; lastKnownFileType = text.plist.xml; path = Info.plist; sourceTree = "<group>"; };
		876FD240256581C70017DE08 /* FidelityHealthcareAppUITests.xctest */ = {isa = PBXFileReference; explicitFileType = wrapper.cfbundle; includeInIndex = 0; path = FidelityHealthcareAppUITests.xctest; sourceTree = BUILT_PRODUCTS_DIR; };
		876FD244256581C70017DE08 /* FidelityHealthcareAppUITests.swift */ = {isa = PBXFileReference; lastKnownFileType = sourcecode.swift; path = FidelityHealthcareAppUITests.swift; sourceTree = "<group>"; };
		876FD246256581C70017DE08 /* Info.plist */ = {isa = PBXFileReference; lastKnownFileType = text.plist.xml; path = Info.plist; sourceTree = "<group>"; };
		876FD2562565820A0017DE08 /* ImageDownloadOperation.swift */ = {isa = PBXFileReference; fileEncoding = 4; lastKnownFileType = sourcecode.swift; path = ImageDownloadOperation.swift; sourceTree = "<group>"; };
		876FD2572565820A0017DE08 /* NetworkManager.swift */ = {isa = PBXFileReference; fileEncoding = 4; lastKnownFileType = sourcecode.swift; path = NetworkManager.swift; sourceTree = "<group>"; };
		876FD2582565820A0017DE08 /* Reachability.swift */ = {isa = PBXFileReference; fileEncoding = 4; lastKnownFileType = sourcecode.swift; path = Reachability.swift; sourceTree = "<group>"; };
		876FD2592565820A0017DE08 /* Request.swift */ = {isa = PBXFileReference; fileEncoding = 4; lastKnownFileType = sourcecode.swift; path = Request.swift; sourceTree = "<group>"; };
		876FD25A2565820A0017DE08 /* ImageDownloadManager.swift */ = {isa = PBXFileReference; fileEncoding = 4; lastKnownFileType = sourcecode.swift; path = ImageDownloadManager.swift; sourceTree = "<group>"; };
		876FD2642565822E0017DE08 /* Extension.swift */ = {isa = PBXFileReference; fileEncoding = 4; lastKnownFileType = sourcecode.swift; path = Extension.swift; sourceTree = "<group>"; };
		876FD2652565822E0017DE08 /* GCD.swift */ = {isa = PBXFileReference; fileEncoding = 4; lastKnownFileType = sourcecode.swift; path = GCD.swift; sourceTree = "<group>"; };
		876FD2662565822E0017DE08 /* Result.swift */ = {isa = PBXFileReference; fileEncoding = 4; lastKnownFileType = sourcecode.swift; path = Result.swift; sourceTree = "<group>"; };
		876FD26E256582550017DE08 /* DataCache.swift */ = {isa = PBXFileReference; fileEncoding = 4; lastKnownFileType = sourcecode.swift; path = DataCache.swift; sourceTree = "<group>"; };
		876FD274256585940017DE08 /* RequestConfig.swift */ = {isa = PBXFileReference; fileEncoding = 4; lastKnownFileType = sourcecode.swift; path = RequestConfig.swift; sourceTree = "<group>"; };
		876FD27A256585A90017DE08 /* FidelityHealthcareViewModel.swift */ = {isa = PBXFileReference; fileEncoding = 4; lastKnownFileType = sourcecode.swift; path = FidelityHealthcareViewModel.swift; sourceTree = "<group>"; };
		876FD27B256585A90017DE08 /* ImageModel.swift */ = {isa = PBXFileReference; fileEncoding = 4; lastKnownFileType = sourcecode.swift; path = ImageModel.swift; sourceTree = "<group>"; };
		876FD282256585BF0017DE08 /* Constants.swift */ = {isa = PBXFileReference; fileEncoding = 4; lastKnownFileType = sourcecode.swift; path = Constants.swift; sourceTree = "<group>"; };
		876FD289256585D10017DE08 /* SearchResults.swift */ = {isa = PBXFileReference; fileEncoding = 4; lastKnownFileType = sourcecode.swift; path = SearchResults.swift; sourceTree = "<group>"; };
		876FD28A256585D10017DE08 /* Results.swift */ = {isa = PBXFileReference; fileEncoding = 4; lastKnownFileType = sourcecode.swift; path = Results.swift; sourceTree = "<group>"; };
		876FD29B2565860B0017DE08 /* FidelityHealthcareVC.swift */ = {isa = PBXFileReference; fileEncoding = 4; lastKnownFileType = sourcecode.swift; path = FidelityHealthcareVC.swift; sourceTree = "<group>"; };
		876FD2A4256586660017DE08 /* SearchService.swift */ = {isa = PBXFileReference; fileEncoding = 4; lastKnownFileType = sourcecode.swift; path = SearchService.swift; sourceTree = "<group>"; };
		87E183052568BBFD00E8ACA7 /* SearchBusinessCellViewModel.swift */ = {isa = PBXFileReference; lastKnownFileType = sourcecode.swift; path = SearchBusinessCellViewModel.swift; sourceTree = "<group>"; };
/* End PBXFileReference section */

/* Begin PBXFrameworksBuildPhase section */
		876FD21C256581C60017DE08 /* Frameworks */ = {
			isa = PBXFrameworksBuildPhase;
			buildActionMask = 2147483647;
			files = (
			);
			runOnlyForDeploymentPostprocessing = 0;
		};
		876FD232256581C70017DE08 /* Frameworks */ = {
			isa = PBXFrameworksBuildPhase;
			buildActionMask = 2147483647;
			files = (
			);
			runOnlyForDeploymentPostprocessing = 0;
		};
		876FD23D256581C70017DE08 /* Frameworks */ = {
			isa = PBXFrameworksBuildPhase;
			buildActionMask = 2147483647;
			files = (
			);
			runOnlyForDeploymentPostprocessing = 0;
		};
/* End PBXFrameworksBuildPhase section */

/* Begin PBXGroup section */
		876FD216256581C60017DE08 = {
			isa = PBXGroup;
			children = (
				876FD221256581C60017DE08 /* FidelityHealthcareApp */,
				876FD238256581C70017DE08 /* FidelityHealthcareAppTests */,
				876FD243256581C70017DE08 /* FidelityHealthcareAppUITests */,
				876FD220256581C60017DE08 /* Products */,
			);
			sourceTree = "<group>";
		};
		876FD220256581C60017DE08 /* Products */ = {
			isa = PBXGroup;
			children = (
				876FD21F256581C60017DE08 /* FidelityHealthcareApp.app */,
				876FD235256581C70017DE08 /* FidelityHealthcareAppTests.xctest */,
				876FD240256581C70017DE08 /* FidelityHealthcareAppUITests.xctest */,
			);
			name = Products;
			sourceTree = "<group>";
		};
		876FD221256581C60017DE08 /* FidelityHealthcareApp */ = {
			isa = PBXGroup;
			children = (
				876FD273256585840017DE08 /* FidelityHealthcare */,
				876FD26D256582430017DE08 /* DataCache */,
				876FD263256582250017DE08 /* Utilities */,
				876FD255256581FD0017DE08 /* NetworkManager */,
				876FD222256581C60017DE08 /* AppDelegate.swift */,
				876FD224256581C60017DE08 /* SceneDelegate.swift */,
				876FD22B256581C70017DE08 /* Assets.xcassets */,
				876FD22D256581C70017DE08 /* LaunchScreen.storyboard */,
				876FD230256581C70017DE08 /* Info.plist */,
			);
			path = FidelityHealthcareApp;
			sourceTree = "<group>";
		};
		876FD238256581C70017DE08 /* FidelityHealthcareAppTests */ = {
			isa = PBXGroup;
			children = (
				876FD239256581C70017DE08 /* FidelityHealthcareAppTests.swift */,
				876FD23B256581C70017DE08 /* Info.plist */,
			);
			path = FidelityHealthcareAppTests;
			sourceTree = "<group>";
		};
		876FD243256581C70017DE08 /* FidelityHealthcareAppUITests */ = {
			isa = PBXGroup;
			children = (
				876FD244256581C70017DE08 /* FidelityHealthcareAppUITests.swift */,
				876FD246256581C70017DE08 /* Info.plist */,
			);
			path = FidelityHealthcareAppUITests;
			sourceTree = "<group>";
		};
		876FD255256581FD0017DE08 /* NetworkManager */ = {
			isa = PBXGroup;
			children = (
				876FD25A2565820A0017DE08 /* ImageDownloadManager.swift */,
				876FD2562565820A0017DE08 /* ImageDownloadOperation.swift */,
				876FD2572565820A0017DE08 /* NetworkManager.swift */,
				876FD2582565820A0017DE08 /* Reachability.swift */,
				876FD2592565820A0017DE08 /* Request.swift */,
			);
			path = NetworkManager;
			sourceTree = "<group>";
		};
		876FD263256582250017DE08 /* Utilities */ = {
			isa = PBXGroup;
			children = (
				876FD2642565822E0017DE08 /* Extension.swift */,
				876FD2652565822E0017DE08 /* GCD.swift */,
				876FD2662565822E0017DE08 /* Result.swift */,
			);
			path = Utilities;
			sourceTree = "<group>";
		};
		876FD26D256582430017DE08 /* DataCache */ = {
			isa = PBXGroup;
			children = (
				876FD26E256582550017DE08 /* DataCache.swift */,
			);
			path = DataCache;
			sourceTree = "<group>";
		};
		876FD273256585840017DE08 /* FidelityHealthcare */ = {
			isa = PBXGroup;
			children = (
				876FD274256585940017DE08 /* RequestConfig.swift */,
				876FD2792565859F0017DE08 /* ViewModels */,
				876FD281256585B80017DE08 /* Constants */,
				876FD287256585C80017DE08 /* Models */,
				876FD291256585DB0017DE08 /* Views */,
				876FD2A32565865C0017DE08 /* Services */,
			);
			path = FidelityHealthcare;
			sourceTree = "<group>";
		};
		876FD2792565859F0017DE08 /* ViewModels */ = {
			isa = PBXGroup;
			children = (
				876FD27A256585A90017DE08 /* FidelityHealthcareViewModel.swift */,
				87E183052568BBFD00E8ACA7 /* SearchBusinessCellViewModel.swift */,
				876FD27B256585A90017DE08 /* ImageModel.swift */,
			);
			path = ViewModels;
			sourceTree = "<group>";
		};
		876FD281256585B80017DE08 /* Constants */ = {
			isa = PBXGroup;
			children = (
				876FD282256585BF0017DE08 /* Constants.swift */,
			);
			path = Constants;
			sourceTree = "<group>";
		};
		876FD287256585C80017DE08 /* Models */ = {
			isa = PBXGroup;
			children = (
				876FD289256585D10017DE08 /* SearchResults.swift */,
				876FD28A256585D10017DE08 /* Results.swift */,
			);
			path = Models;
			sourceTree = "<group>";
		};
		876FD291256585DB0017DE08 /* Views */ = {
			isa = PBXGroup;
			children = (
				876FD292256585E60017DE08 /* ViewControllers */,
				876FD293256585F00017DE08 /* Cell */,
				876FD228256581C60017DE08 /* Main.storyboard */,
			);
			path = Views;
			sourceTree = "<group>";
		};
		876FD292256585E60017DE08 /* ViewControllers */ = {
			isa = PBXGroup;
			children = (
				876FD29B2565860B0017DE08 /* FidelityHealthcareVC.swift */,
			);
			path = ViewControllers;
			sourceTree = "<group>";
		};
		876FD293256585F00017DE08 /* Cell */ = {
			isa = PBXGroup;
			children = (
				8749C6B825659FB600A4278F /* SearchResultCell.swift */,
			);
			path = Cell;
			sourceTree = "<group>";
		};
		876FD2A32565865C0017DE08 /* Services */ = {
			isa = PBXGroup;
			children = (
				876FD2A4256586660017DE08 /* SearchService.swift */,
			);
			path = Services;
			sourceTree = "<group>";
		};
/* End PBXGroup section */

/* Begin PBXNativeTarget section */
		876FD21E256581C60017DE08 /* FidelityHealthcareApp */ = {
			isa = PBXNativeTarget;
			buildConfigurationList = 876FD249256581C70017DE08 /* Build configuration list for PBXNativeTarget "FidelityHealthcareApp" */;
			buildPhases = (
				876FD21B256581C60017DE08 /* Sources */,
				876FD21C256581C60017DE08 /* Frameworks */,
				876FD21D256581C60017DE08 /* Resources */,
			);
			buildRules = (
			);
			dependencies = (
			);
			name = FidelityHealthcareApp;
			productName = FidelityHealthcareApp;
			productReference = 876FD21F256581C60017DE08 /* FidelityHealthcareApp.app */;
			productType = "com.apple.product-type.application";
		};
		876FD234256581C70017DE08 /* FidelityHealthcareAppTests */ = {
			isa = PBXNativeTarget;
			buildConfigurationList = 876FD24C256581C70017DE08 /* Build configuration list for PBXNativeTarget "FidelityHealthcareAppTests" */;
			buildPhases = (
				876FD231256581C70017DE08 /* Sources */,
				876FD232256581C70017DE08 /* Frameworks */,
				876FD233256581C70017DE08 /* Resources */,
			);
			buildRules = (
			);
			dependencies = (
				876FD237256581C70017DE08 /* PBXTargetDependency */,
			);
			name = FidelityHealthcareAppTests;
			productName = FidelityHealthcareAppTests;
			productReference = 876FD235256581C70017DE08 /* FidelityHealthcareAppTests.xctest */;
			productType = "com.apple.product-type.bundle.unit-test";
		};
		876FD23F256581C70017DE08 /* FidelityHealthcareAppUITests */ = {
			isa = PBXNativeTarget;
			buildConfigurationList = 876FD24F256581C70017DE08 /* Build configuration list for PBXNativeTarget "FidelityHealthcareAppUITests" */;
			buildPhases = (
				876FD23C256581C70017DE08 /* Sources */,
				876FD23D256581C70017DE08 /* Frameworks */,
				876FD23E256581C70017DE08 /* Resources */,
			);
			buildRules = (
			);
			dependencies = (
				876FD242256581C70017DE08 /* PBXTargetDependency */,
			);
			name = FidelityHealthcareAppUITests;
			productName = FidelityHealthcareAppUITests;
			productReference = 876FD240256581C70017DE08 /* FidelityHealthcareAppUITests.xctest */;
			productType = "com.apple.product-type.bundle.ui-testing";
		};
/* End PBXNativeTarget section */

/* Begin PBXProject section */
		876FD217256581C60017DE08 /* Project object */ = {
			isa = PBXProject;
			attributes = {
				LastSwiftUpdateCheck = 1220;
				LastUpgradeCheck = 1220;
				TargetAttributes = {
					876FD21E256581C60017DE08 = {
						CreatedOnToolsVersion = 12.2;
					};
					876FD234256581C70017DE08 = {
						CreatedOnToolsVersion = 12.2;
						TestTargetID = 876FD21E256581C60017DE08;
					};
					876FD23F256581C70017DE08 = {
						CreatedOnToolsVersion = 12.2;
						TestTargetID = 876FD21E256581C60017DE08;
					};
				};
			};
			buildConfigurationList = 876FD21A256581C60017DE08 /* Build configuration list for PBXProject "FidelityHealthcareApp" */;
			compatibilityVersion = "Xcode 9.3";
			developmentRegion = en;
			hasScannedForEncodings = 0;
			knownRegions = (
				en,
				Base,
			);
			mainGroup = 876FD216256581C60017DE08;
			productRefGroup = 876FD220256581C60017DE08 /* Products */;
			projectDirPath = "";
			projectRoot = "";
			targets = (
				876FD21E256581C60017DE08 /* FidelityHealthcareApp */,
				876FD234256581C70017DE08 /* FidelityHealthcareAppTests */,
				876FD23F256581C70017DE08 /* FidelityHealthcareAppUITests */,
			);
		};
/* End PBXProject section */

/* Begin PBXResourcesBuildPhase section */
		876FD21D256581C60017DE08 /* Resources */ = {
			isa = PBXResourcesBuildPhase;
			buildActionMask = 2147483647;
			files = (
				876FD22F256581C70017DE08 /* LaunchScreen.storyboard in Resources */,
				876FD22C256581C70017DE08 /* Assets.xcassets in Resources */,
				876FD22A256581C60017DE08 /* Main.storyboard in Resources */,
			);
			runOnlyForDeploymentPostprocessing = 0;
		};
		876FD233256581C70017DE08 /* Resources */ = {
			isa = PBXResourcesBuildPhase;
			buildActionMask = 2147483647;
			files = (
			);
			runOnlyForDeploymentPostprocessing = 0;
		};
		876FD23E256581C70017DE08 /* Resources */ = {
			isa = PBXResourcesBuildPhase;
			buildActionMask = 2147483647;
			files = (
			);
			runOnlyForDeploymentPostprocessing = 0;
		};
/* End PBXResourcesBuildPhase section */

/* Begin PBXSourcesBuildPhase section */
		876FD21B256581C60017DE08 /* Sources */ = {
			isa = PBXSourcesBuildPhase;
			buildActionMask = 2147483647;
			files = (
				876FD275256585940017DE08 /* RequestConfig.swift in Sources */,
				876FD27D256585A90017DE08 /* ImageModel.swift in Sources */,
				876FD2682565822E0017DE08 /* GCD.swift in Sources */,
				876FD2672565822E0017DE08 /* Extension.swift in Sources */,
				876FD28D256585D10017DE08 /* Results.swift in Sources */,
				876FD2A5256586660017DE08 /* SearchService.swift in Sources */,
				876FD223256581C60017DE08 /* AppDelegate.swift in Sources */,
				876FD25D2565820A0017DE08 /* Reachability.swift in Sources */,
				876FD25F2565820A0017DE08 /* ImageDownloadManager.swift in Sources */,
				87E183062568BBFD00E8ACA7 /* SearchBusinessCellViewModel.swift in Sources */,
				876FD283256585BF0017DE08 /* Constants.swift in Sources */,
				8749C6B925659FB600A4278F /* SearchResultCell.swift in Sources */,
				876FD25C2565820A0017DE08 /* NetworkManager.swift in Sources */,
				876FD25E2565820A0017DE08 /* Request.swift in Sources */,
				876FD26F256582550017DE08 /* DataCache.swift in Sources */,
				876FD225256581C60017DE08 /* SceneDelegate.swift in Sources */,
				876FD29C2565860B0017DE08 /* FidelityHealthcareVC.swift in Sources */,
				876FD28C256585D10017DE08 /* SearchResults.swift in Sources */,
				876FD27C256585A90017DE08 /* FidelityHealthcareViewModel.swift in Sources */,
				876FD25B2565820A0017DE08 /* ImageDownloadOperation.swift in Sources */,
				876FD2692565822E0017DE08 /* Result.swift in Sources */,
			);
			runOnlyForDeploymentPostprocessing = 0;
		};
		876FD231256581C70017DE08 /* Sources */ = {
			isa = PBXSourcesBuildPhase;
			buildActionMask = 2147483647;
			files = (
				876FD23A256581C70017DE08 /* FidelityHealthcareAppTests.swift in Sources */,
			);
			runOnlyForDeploymentPostprocessing = 0;
		};
		876FD23C256581C70017DE08 /* Sources */ = {
			isa = PBXSourcesBuildPhase;
			buildActionMask = 2147483647;
			files = (
				876FD245256581C70017DE08 /* FidelityHealthcareAppUITests.swift in Sources */,
			);
			runOnlyForDeploymentPostprocessing = 0;
		};
/* End PBXSourcesBuildPhase section */

/* Begin PBXTargetDependency section */
		876FD237256581C70017DE08 /* PBXTargetDependency */ = {
			isa = PBXTargetDependency;
			target = 876FD21E256581C60017DE08 /* FidelityHealthcareApp */;
			targetProxy = 876FD236256581C70017DE08 /* PBXContainerItemProxy */;
		};
		876FD242256581C70017DE08 /* PBXTargetDependency */ = {
			isa = PBXTargetDependency;
			target = 876FD21E256581C60017DE08 /* FidelityHealthcareApp */;
			targetProxy = 876FD241256581C70017DE08 /* PBXContainerItemProxy */;
		};
/* End PBXTargetDependency section */

/* Begin PBXVariantGroup section */
		876FD228256581C60017DE08 /* Main.storyboard */ = {
			isa = PBXVariantGroup;
			children = (
				876FD229256581C60017DE08 /* Base */,
			);
			name = Main.storyboard;
			sourceTree = "<group>";
		};
		876FD22D256581C70017DE08 /* LaunchScreen.storyboard */ = {
			isa = PBXVariantGroup;
			children = (
				876FD22E256581C70017DE08 /* Base */,
			);
			name = LaunchScreen.storyboard;
			sourceTree = "<group>";
		};
/* End PBXVariantGroup section */

/* Begin XCBuildConfiguration section */
		876FD247256581C70017DE08 /* Debug */ = {
			isa = XCBuildConfiguration;
			buildSettings = {
				ALWAYS_SEARCH_USER_PATHS = NO;
				CLANG_ANALYZER_NONNULL = YES;
				CLANG_ANALYZER_NUMBER_OBJECT_CONVERSION = YES_AGGRESSIVE;
				CLANG_CXX_LANGUAGE_STANDARD = "gnu++14";
				CLANG_CXX_LIBRARY = "libc++";
				CLANG_ENABLE_MODULES = YES;
				CLANG_ENABLE_OBJC_ARC = YES;
				CLANG_ENABLE_OBJC_WEAK = YES;
				CLANG_WARN_BLOCK_CAPTURE_AUTORELEASING = YES;
				CLANG_WARN_BOOL_CONVERSION = YES;
				CLANG_WARN_COMMA = YES;
				CLANG_WARN_CONSTANT_CONVERSION = YES;
				CLANG_WARN_DEPRECATED_OBJC_IMPLEMENTATIONS = YES;
				CLANG_WARN_DIRECT_OBJC_ISA_USAGE = YES_ERROR;
				CLANG_WARN_DOCUMENTATION_COMMENTS = YES;
				CLANG_WARN_EMPTY_BODY = YES;
				CLANG_WARN_ENUM_CONVERSION = YES;
				CLANG_WARN_INFINITE_RECURSION = YES;
				CLANG_WARN_INT_CONVERSION = YES;
				CLANG_WARN_NON_LITERAL_NULL_CONVERSION = YES;
				CLANG_WARN_OBJC_IMPLICIT_RETAIN_SELF = YES;
				CLANG_WARN_OBJC_LITERAL_CONVERSION = YES;
				CLANG_WARN_OBJC_ROOT_CLASS = YES_ERROR;
				CLANG_WARN_QUOTED_INCLUDE_IN_FRAMEWORK_HEADER = YES;
				CLANG_WARN_RANGE_LOOP_ANALYSIS = YES;
				CLANG_WARN_STRICT_PROTOTYPES = YES;
				CLANG_WARN_SUSPICIOUS_MOVE = YES;
				CLANG_WARN_UNGUARDED_AVAILABILITY = YES_AGGRESSIVE;
				CLANG_WARN_UNREACHABLE_CODE = YES;
				CLANG_WARN__DUPLICATE_METHOD_MATCH = YES;
				COPY_PHASE_STRIP = NO;
				DEBUG_INFORMATION_FORMAT = dwarf;
				ENABLE_STRICT_OBJC_MSGSEND = YES;
				ENABLE_TESTABILITY = YES;
				GCC_C_LANGUAGE_STANDARD = gnu11;
				GCC_DYNAMIC_NO_PIC = NO;
				GCC_NO_COMMON_BLOCKS = YES;
				GCC_OPTIMIZATION_LEVEL = 0;
				GCC_PREPROCESSOR_DEFINITIONS = (
					"DEBUG=1",
					"$(inherited)",
				);
				GCC_WARN_64_TO_32_BIT_CONVERSION = YES;
				GCC_WARN_ABOUT_RETURN_TYPE = YES_ERROR;
				GCC_WARN_UNDECLARED_SELECTOR = YES;
				GCC_WARN_UNINITIALIZED_AUTOS = YES_AGGRESSIVE;
				GCC_WARN_UNUSED_FUNCTION = YES;
				GCC_WARN_UNUSED_VARIABLE = YES;
				IPHONEOS_DEPLOYMENT_TARGET = 14.2;
				MTL_ENABLE_DEBUG_INFO = INCLUDE_SOURCE;
				MTL_FAST_MATH = YES;
				ONLY_ACTIVE_ARCH = YES;
				SDKROOT = iphoneos;
				SWIFT_ACTIVE_COMPILATION_CONDITIONS = DEBUG;
				SWIFT_OPTIMIZATION_LEVEL = "-Onone";
			};
			name = Debug;
		};
		876FD248256581C70017DE08 /* Release */ = {
			isa = XCBuildConfiguration;
			buildSettings = {
				ALWAYS_SEARCH_USER_PATHS = NO;
				CLANG_ANALYZER_NONNULL = YES;
				CLANG_ANALYZER_NUMBER_OBJECT_CONVERSION = YES_AGGRESSIVE;
				CLANG_CXX_LANGUAGE_STANDARD = "gnu++14";
				CLANG_CXX_LIBRARY = "libc++";
				CLANG_ENABLE_MODULES = YES;
				CLANG_ENABLE_OBJC_ARC = YES;
				CLANG_ENABLE_OBJC_WEAK = YES;
				CLANG_WARN_BLOCK_CAPTURE_AUTORELEASING = YES;
				CLANG_WARN_BOOL_CONVERSION = YES;
				CLANG_WARN_COMMA = YES;
				CLANG_WARN_CONSTANT_CONVERSION = YES;
				CLANG_WARN_DEPRECATED_OBJC_IMPLEMENTATIONS = YES;
				CLANG_WARN_DIRECT_OBJC_ISA_USAGE = YES_ERROR;
				CLANG_WARN_DOCUMENTATION_COMMENTS = YES;
				CLANG_WARN_EMPTY_BODY = YES;
				CLANG_WARN_ENUM_CONVERSION = YES;
				CLANG_WARN_INFINITE_RECURSION = YES;
				CLANG_WARN_INT_CONVERSION = YES;
				CLANG_WARN_NON_LITERAL_NULL_CONVERSION = YES;
				CLANG_WARN_OBJC_IMPLICIT_RETAIN_SELF = YES;
				CLANG_WARN_OBJC_LITERAL_CONVERSION = YES;
				CLANG_WARN_OBJC_ROOT_CLASS = YES_ERROR;
				CLANG_WARN_QUOTED_INCLUDE_IN_FRAMEWORK_HEADER = YES;
				CLANG_WARN_RANGE_LOOP_ANALYSIS = YES;
				CLANG_WARN_STRICT_PROTOTYPES = YES;
				CLANG_WARN_SUSPICIOUS_MOVE = YES;
				CLANG_WARN_UNGUARDED_AVAILABILITY = YES_AGGRESSIVE;
				CLANG_WARN_UNREACHABLE_CODE = YES;
				CLANG_WARN__DUPLICATE_METHOD_MATCH = YES;
				COPY_PHASE_STRIP = NO;
				DEBUG_INFORMATION_FORMAT = "dwarf-with-dsym";
				ENABLE_NS_ASSERTIONS = NO;
				ENABLE_STRICT_OBJC_MSGSEND = YES;
				GCC_C_LANGUAGE_STANDARD = gnu11;
				GCC_NO_COMMON_BLOCKS = YES;
				GCC_WARN_64_TO_32_BIT_CONVERSION = YES;
				GCC_WARN_ABOUT_RETURN_TYPE = YES_ERROR;
				GCC_WARN_UNDECLARED_SELECTOR = YES;
				GCC_WARN_UNINITIALIZED_AUTOS = YES_AGGRESSIVE;
				GCC_WARN_UNUSED_FUNCTION = YES;
				GCC_WARN_UNUSED_VARIABLE = YES;
				IPHONEOS_DEPLOYMENT_TARGET = 14.2;
				MTL_ENABLE_DEBUG_INFO = NO;
				MTL_FAST_MATH = YES;
				SDKROOT = iphoneos;
				SWIFT_COMPILATION_MODE = wholemodule;
				SWIFT_OPTIMIZATION_LEVEL = "-O";
				VALIDATE_PRODUCT = YES;
			};
			name = Release;
		};
		876FD24A256581C70017DE08 /* Debug */ = {
			isa = XCBuildConfiguration;
			buildSettings = {
				ASSETCATALOG_COMPILER_APPICON_NAME = AppIcon;
				ASSETCATALOG_COMPILER_GLOBAL_ACCENT_COLOR_NAME = AccentColor;
				CODE_SIGN_STYLE = Automatic;
				DEVELOPMENT_TEAM = 3RH23VF44C;
				INFOPLIST_FILE = FidelityHealthcareApp/Info.plist;
				LD_RUNPATH_SEARCH_PATHS = (
					"$(inherited)",
					"@executable_path/Frameworks",
				);
				PRODUCT_BUNDLE_IDENTIFIER = com.ts.luqman;
				PRODUCT_NAME = "$(TARGET_NAME)";
				SWIFT_VERSION = 5.0;
				TARGETED_DEVICE_FAMILY = "1,2";
			};
			name = Debug;
		};
		876FD24B256581C70017DE08 /* Release */ = {
			isa = XCBuildConfiguration;
			buildSettings = {
				ASSETCATALOG_COMPILER_APPICON_NAME = AppIcon;
				ASSETCATALOG_COMPILER_GLOBAL_ACCENT_COLOR_NAME = AccentColor;
				CODE_SIGN_STYLE = Automatic;
				DEVELOPMENT_TEAM = 3RH23VF44C;
				INFOPLIST_FILE = FidelityHealthcareApp/Info.plist;
				LD_RUNPATH_SEARCH_PATHS = (
					"$(inherited)",
					"@executable_path/Frameworks",
				);
				PRODUCT_BUNDLE_IDENTIFIER = com.ts.luqman;
				PRODUCT_NAME = "$(TARGET_NAME)";
				SWIFT_VERSION = 5.0;
				TARGETED_DEVICE_FAMILY = "1,2";
			};
			name = Release;
		};
		876FD24D256581C70017DE08 /* Debug */ = {
			isa = XCBuildConfiguration;
			buildSettings = {
				ALWAYS_EMBED_SWIFT_STANDARD_LIBRARIES = YES;
				BUNDLE_LOADER = "$(TEST_HOST)";
				CODE_SIGN_STYLE = Automatic;
				INFOPLIST_FILE = FidelityHealthcareAppTests/Info.plist;
				IPHONEOS_DEPLOYMENT_TARGET = 14.2;
				LD_RUNPATH_SEARCH_PATHS = (
					"$(inherited)",
					"@executable_path/Frameworks",
					"@loader_path/Frameworks",
				);
				PRODUCT_BUNDLE_IDENTIFIER = luqman.FidelityHealthcareAppTests;
				PRODUCT_NAME = "$(TARGET_NAME)";
				SWIFT_VERSION = 5.0;
				TARGETED_DEVICE_FAMILY = "1,2";
				TEST_HOST = "$(BUILT_PRODUCTS_DIR)/FidelityHealthcareApp.app/FidelityHealthcareApp";
			};
			name = Debug;
		};
		876FD24E256581C70017DE08 /* Release */ = {
			isa = XCBuildConfiguration;
			buildSettings = {
				ALWAYS_EMBED_SWIFT_STANDARD_LIBRARIES = YES;
				BUNDLE_LOADER = "$(TEST_HOST)";
				CODE_SIGN_STYLE = Automatic;
				INFOPLIST_FILE = FidelityHealthcareAppTests/Info.plist;
				IPHONEOS_DEPLOYMENT_TARGET = 14.2;
				LD_RUNPATH_SEARCH_PATHS = (
					"$(inherited)",
					"@executable_path/Frameworks",
					"@loader_path/Frameworks",
				);
				PRODUCT_BUNDLE_IDENTIFIER = luqman.FidelityHealthcareAppTests;
				PRODUCT_NAME = "$(TARGET_NAME)";
				SWIFT_VERSION = 5.0;
				TARGETED_DEVICE_FAMILY = "1,2";
				TEST_HOST = "$(BUILT_PRODUCTS_DIR)/FidelityHealthcareApp.app/FidelityHealthcareApp";
			};
			name = Release;
		};
		876FD250256581C70017DE08 /* Debug */ = {
			isa = XCBuildConfiguration;
			buildSettings = {
				ALWAYS_EMBED_SWIFT_STANDARD_LIBRARIES = YES;
				CODE_SIGN_STYLE = Automatic;
				INFOPLIST_FILE = FidelityHealthcareAppUITests/Info.plist;
				LD_RUNPATH_SEARCH_PATHS = (
					"$(inherited)",
					"@executable_path/Frameworks",
					"@loader_path/Frameworks",
				);
				PRODUCT_BUNDLE_IDENTIFIER = luqman.FidelityHealthcareAppUITests;
				PRODUCT_NAME = "$(TARGET_NAME)";
				SWIFT_VERSION = 5.0;
				TARGETED_DEVICE_FAMILY = "1,2";
				TEST_TARGET_NAME = FidelityHealthcareApp;
			};
			name = Debug;
		};
		876FD251256581C70017DE08 /* Release */ = {
			isa = XCBuildConfiguration;
			buildSettings = {
				ALWAYS_EMBED_SWIFT_STANDARD_LIBRARIES = YES;
				CODE_SIGN_STYLE = Automatic;
				INFOPLIST_FILE = FidelityHealthcareAppUITests/Info.plist;
				LD_RUNPATH_SEARCH_PATHS = (
					"$(inherited)",
					"@executable_path/Frameworks",
					"@loader_path/Frameworks",
				);
				PRODUCT_BUNDLE_IDENTIFIER = luqman.FidelityHealthcareAppUITests;
				PRODUCT_NAME = "$(TARGET_NAME)";
				SWIFT_VERSION = 5.0;
				TARGETED_DEVICE_FAMILY = "1,2";
				TEST_TARGET_NAME = FidelityHealthcareApp;
			};
			name = Release;
		};
/* End XCBuildConfiguration section */

/* Begin XCConfigurationList section */
		876FD21A256581C60017DE08 /* Build configuration list for PBXProject "FidelityHealthcareApp" */ = {
			isa = XCConfigurationList;
			buildConfigurations = (
				876FD247256581C70017DE08 /* Debug */,
				876FD248256581C70017DE08 /* Release */,
			);
			defaultConfigurationIsVisible = 0;
			defaultConfigurationName = Release;
		};
		876FD249256581C70017DE08 /* Build configuration list for PBXNativeTarget "FidelityHealthcareApp" */ = {
			isa = XCConfigurationList;
			buildConfigurations = (
				876FD24A256581C70017DE08 /* Debug */,
				876FD24B256581C70017DE08 /* Release */,
			);
			defaultConfigurationIsVisible = 0;
			defaultConfigurationName = Release;
		};
		876FD24C256581C70017DE08 /* Build configuration list for PBXNativeTarget "FidelityHealthcareAppTests" */ = {
			isa = XCConfigurationList;
			buildConfigurations = (
				876FD24D256581C70017DE08 /* Debug */,
				876FD24E256581C70017DE08 /* Release */,
			);
			defaultConfigurationIsVisible = 0;
			defaultConfigurationName = Release;
		};
		876FD24F256581C70017DE08 /* Build configuration list for PBXNativeTarget "FidelityHealthcareAppUITests" */ = {
			isa = XCConfigurationList;
			buildConfigurations = (
				876FD250256581C70017DE08 /* Debug */,
				876FD251256581C70017DE08 /* Release */,
			);
			defaultConfigurationIsVisible = 0;
			defaultConfigurationName = Release;
		};
/* End XCConfigurationList section */
	};
	rootObject = 876FD217256581C60017DE08 /* Project object */;
}
